
Microsoft Visual Studio Solution File, Format Version 12.00
# Visual Studio Version 17
VisualStudioVersion = 17.5.33530.505
MinimumVisualStudioVersion = 10.0.40219.1
Project("{FAE04EC0-301F-11D3-BF4B-00C04F79EFBC}") = "ManageStudent", "ManageStudent\ManageStudent.csproj", "{8726F589-9733-4B1C-A079-37D65C08F5A6}"
EndProject
Global
	GlobalSection(SolutionConfigurationPlatforms) = preSolution
		Debug|Any CPU = Debug|Any CPU
		Release|Any CPU = Release|Any CPU
	EndGlobalSection
	GlobalSection(ProjectConfigurationPlatforms) = postSolution
		{8726F589-9733-4B1C-A079-37D65C08F5A6}.Debug|Any CPU.ActiveCfg = Debug|Any CPU
		{8726F589-9733-4B1C-A079-37D65C08F5A6}.Debug|Any CPU.Build.0 = Debug|Any CPU
		{8726F589-9733-4B1C-A079-37D65C08F5A6}.Release|Any CPU.ActiveCfg = Release|Any CPU
		{8726F589-9733-4B1C-A079-37D65C08F5A6}.Release|Any CPU.Build.0 = Release|Any CPU
	EndGlobalSection
	GlobalSection(SolutionProperties) = preSolution
		HideSolutionNode = FALSE
	EndGlobalSection
	GlobalSection(ExtensibilityGlobals) = postSolution
		SolutionGuid = {17789CB4-F171-4F8B-BD32-25904EB14A4F}
	EndGlobalSection
EndGlobal
